<?xml version="1.0" encoding="UTF-8" standalone="yes" ?>
<CodeBlocks_project_file>
	<FileVersion major="1" minor="6" />
	<Project>
		<Option title="MyCuteAssistant" />
		<Option platforms="Windows;Unix;" />
		<Option pch_mode="2" />
		<Option compiler="gcc" />
		<Build>
			<Target title="Debug - Windows">
				<Option platforms="Windows;" />
				<Option output="../bin/MyCuteAssistant" prefix_auto="0" extension_auto="1" />
				<Option object_output=".obj/" />
				<Option type="1" />
				<Option compiler="gcc" />
				<Compiler>
					<Add option="-pg" />
					<Add option="-g" />
					<Add option="-DWIN32" />
					<Add option="-DDEBUG" />
					<Add directory="E:/PROJEKTE/Libraries/qt5/qt-everywhere-opensource-src-5.3.2/build/include" />
				</Compiler>
				<Linker>
					<Add option="-pg -lgmon" />
					<Add option="-static" />
					<Add library="qwindowsd" />
					<Add library="Qt5PlatformSupportd" />
					<Add library="Qt5Widgetsd" />
					<Add library="Qt5Guid" />
					<Add library="Qt5Cored" />
					<Add library="Ws2_32" />
					<Add library="oleaut32" />
					<Add library="ole32" />
					<Add library="uuid" />
					<Add library="winmm" />
					<Add library="imm32" />
					<Add library="opengl32" />
					<Add directory="E:/PROJEKTE/Libraries/qt5/qt-everywhere-opensource-src-5.3.2/build/lib" />
					<Add directory="E:/PROJEKTE/Libraries/qt5/qt-everywhere-opensource-src-5.3.2/build/plugins/platforms" />
				</Linker>
			</Target>
			<Target title="Release - Windows">
				<Option platforms="Windows;" />
				<Option output="../bin/MyCuteAssistant" prefix_auto="0" extension_auto="1" />
				<Option object_output=".obj/" />
				<Option type="0" />
				<Option compiler="gcc" />
				<Compiler>
					<Add option="-O3" />
					<Add option="-DWIN32" />
					<Add directory="E:/PROJEKTE/Libraries/qt5/qt-everywhere-opensource-src-5.3.2/build/include" />
				</Compiler>
				<Linker>
					<Add option="-s" />
					<Add option="-static" />
					<Add library="qwindows" />
					<Add library="Qt5PlatformSupport" />
					<Add library="Qt5Widgets" />
					<Add library="Qt5Gui" />
					<Add library="Qt5Core" />
					<Add library="Ws2_32" />
					<Add library="oleaut32" />
					<Add library="ole32" />
					<Add library="uuid" />
					<Add library="winmm" />
					<Add library="imm32" />
					<Add library="opengl32" />
					<Add directory="E:/PROJEKTE/Libraries/qt5/qt-everywhere-opensource-src-5.3.2/build/lib" />
					<Add directory="E:/PROJEKTE/Libraries/qt5/qt-everywhere-opensource-src-5.3.2/build/plugins/platforms" />
				</Linker>
			</Target>
			<Target title="Debug - Unix">
				<Option platforms="Unix;" />
				<Option output="../bin/MyCuteAssistant" prefix_auto="0" extension_auto="1" />
				<Option object_output=".obj/" />
				<Option type="1" />
				<Option compiler="gcc" />
				<Compiler>
					<Add option="-pg" />
					<Add option="-g" />
					<Add option="-D__unix__" />
					<Add option="-DDEBUG" />
				</Compiler>
				<Linker>
					<Add option="-pg -lgmon" />
				</Linker>
			</Target>
			<Target title="Release - Unix">
				<Option platforms="Unix;" />
				<Option output="../bin/MyCuteAssistant" prefix_auto="0" extension_auto="1" />
				<Option object_output=".obj/" />
				<Option type="0" />
				<Option compiler="gcc" />
				<Compiler>
					<Add option="-O3" />
					<Add option="-D__unix__" />
				</Compiler>
				<Linker>
					<Add option="-s" />
				</Linker>
			</Target>
		</Build>
		<Compiler>
			<Add option="-Wredundant-decls" />
			<Add option="-Wunreachable-code" />
			<Add option="-Wmissing-include-dirs" />
			<Add option="-Wswitch-enum" />
			<Add option="-pedantic" />
			<Add option="-std=c++11" />
			<Add option="-Wextra" />
			<Add option="-Wall" />
		</Compiler>
		<Unit filename="main.cpp" />
		<Unit filename="version.h" />
		<Unit filename="version.rc">
			<Option compilerVar="WINDRES" />
			<Option target="Debug - Windows" />
			<Option target="Release - Windows" />
		</Unit>
		<Extensions>
			<code_completion />
			<envvars />
			<debugger />
			<lib_finder disable_auto="1" />
		</Extensions>
	</Project>
</CodeBlocks_project_file>
